
Microsoft Visual Studio Solution File, Format Version 12.00
# Visual Studio 15
VisualStudioVersion = 15.0.26124.0
MinimumVisualStudioVersion = 15.0.26124.0
Project("{FAE04EC0-301F-11D3-BF4B-00C04F79EFBC}") = "TestCommon", "..\TestCommon\TestCommon.csproj", "{08F22638-D4B3-4FD4-98F8-A2D8D999A818}"
EndProject
Project("{FAE04EC0-301F-11D3-BF4B-00C04F79EFBC}") = "E1a", "E1a\E1a.csproj", "{074D9923-7CA8-45B4-BA7B-EB757C674097}"
EndProject
Project("{FAE04EC0-301F-11D3-BF4B-00C04F79EFBC}") = "E1a.Tests", "E1a.Tests\E1a.Tests.csproj", "{5367BBCF-39B8-47E9-AECC-C2EF54380DF0}"
EndProject
Global
	GlobalSection(SolutionConfigurationPlatforms) = preSolution
		Debug|Any CPU = Debug|Any CPU
		Debug|x64 = Debug|x64
		Debug|x86 = Debug|x86
		Release|Any CPU = Release|Any CPU
		Release|x64 = Release|x64
		Release|x86 = Release|x86
	EndGlobalSection
	GlobalSection(SolutionProperties) = preSolution
		HideSolutionNode = FALSE
	EndGlobalSection
	GlobalSection(ProjectConfigurationPlatforms) = postSolution
		{08F22638-D4B3-4FD4-98F8-A2D8D999A818}.Debug|Any CPU.ActiveCfg = Debug|Any CPU
		{08F22638-D4B3-4FD4-98F8-A2D8D999A818}.Debug|Any CPU.Build.0 = Debug|Any CPU
		{08F22638-D4B3-4FD4-98F8-A2D8D999A818}.Debug|x64.ActiveCfg = Debug|Any CPU
		{08F22638-D4B3-4FD4-98F8-A2D8D999A818}.Debug|x64.Build.0 = Debug|Any CPU
		{08F22638-D4B3-4FD4-98F8-A2D8D999A818}.Debug|x86.ActiveCfg = Debug|Any CPU
		{08F22638-D4B3-4FD4-98F8-A2D8D999A818}.Debug|x86.Build.0 = Debug|Any CPU
		{08F22638-D4B3-4FD4-98F8-A2D8D999A818}.Release|Any CPU.ActiveCfg = Release|Any CPU
		{08F22638-D4B3-4FD4-98F8-A2D8D999A818}.Release|Any CPU.Build.0 = Release|Any CPU
		{08F22638-D4B3-4FD4-98F8-A2D8D999A818}.Release|x64.ActiveCfg = Release|Any CPU
		{08F22638-D4B3-4FD4-98F8-A2D8D999A818}.Release|x64.Build.0 = Release|Any CPU
		{08F22638-D4B3-4FD4-98F8-A2D8D999A818}.Release|x86.ActiveCfg = Release|Any CPU
		{08F22638-D4B3-4FD4-98F8-A2D8D999A818}.Release|x86.Build.0 = Release|Any CPU
		{074D9923-7CA8-45B4-BA7B-EB757C674097}.Debug|Any CPU.ActiveCfg = Debug|Any CPU
		{074D9923-7CA8-45B4-BA7B-EB757C674097}.Debug|Any CPU.Build.0 = Debug|Any CPU
		{074D9923-7CA8-45B4-BA7B-EB757C674097}.Debug|x64.ActiveCfg = Debug|Any CPU
		{074D9923-7CA8-45B4-BA7B-EB757C674097}.Debug|x64.Build.0 = Debug|Any CPU
		{074D9923-7CA8-45B4-BA7B-EB757C674097}.Debug|x86.ActiveCfg = Debug|Any CPU
		{074D9923-7CA8-45B4-BA7B-EB757C674097}.Debug|x86.Build.0 = Debug|Any CPU
		{074D9923-7CA8-45B4-BA7B-EB757C674097}.Release|Any CPU.ActiveCfg = Release|Any CPU
		{074D9923-7CA8-45B4-BA7B-EB757C674097}.Release|Any CPU.Build.0 = Release|Any CPU
		{074D9923-7CA8-45B4-BA7B-EB757C674097}.Release|x64.ActiveCfg = Release|Any CPU
		{074D9923-7CA8-45B4-BA7B-EB757C674097}.Release|x64.Build.0 = Release|Any CPU
		{074D9923-7CA8-45B4-BA7B-EB757C674097}.Release|x86.ActiveCfg = Release|Any CPU
		{074D9923-7CA8-45B4-BA7B-EB757C674097}.Release|x86.Build.0 = Release|Any CPU
		{5367BBCF-39B8-47E9-AECC-C2EF54380DF0}.Debug|Any CPU.ActiveCfg = Debug|Any CPU
		{5367BBCF-39B8-47E9-AECC-C2EF54380DF0}.Debug|Any CPU.Build.0 = Debug|Any CPU
		{5367BBCF-39B8-47E9-AECC-C2EF54380DF0}.Debug|x64.ActiveCfg = Debug|Any CPU
		{5367BBCF-39B8-47E9-AECC-C2EF54380DF0}.Debug|x64.Build.0 = Debug|Any CPU
		{5367BBCF-39B8-47E9-AECC-C2EF54380DF0}.Debug|x86.ActiveCfg = Debug|Any CPU
		{5367BBCF-39B8-47E9-AECC-C2EF54380DF0}.Debug|x86.Build.0 = Debug|Any CPU
		{5367BBCF-39B8-47E9-AECC-C2EF54380DF0}.Release|Any CPU.ActiveCfg = Release|Any CPU
		{5367BBCF-39B8-47E9-AECC-C2EF54380DF0}.Release|Any CPU.Build.0 = Release|Any CPU
		{5367BBCF-39B8-47E9-AECC-C2EF54380DF0}.Release|x64.ActiveCfg = Release|Any CPU
		{5367BBCF-39B8-47E9-AECC-C2EF54380DF0}.Release|x64.Build.0 = Release|Any CPU
		{5367BBCF-39B8-47E9-AECC-C2EF54380DF0}.Release|x86.ActiveCfg = Release|Any CPU
		{5367BBCF-39B8-47E9-AECC-C2EF54380DF0}.Release|x86.Build.0 = Release|Any CPU
	EndGlobalSection
EndGlobal
