
Microsoft Visual Studio Solution File, Format Version 12.00
# Visual Studio 15
VisualStudioVersion = 15.0.26124.0
MinimumVisualStudioVersion = 15.0.26124.0
Project("{FAE04EC0-301F-11D3-BF4B-00C04F79EFBC}") = "TestCommon", "..\TestCommon\TestCommon.csproj", "{3345062F-D29C-4335-81BA-7A3DAB492B38}"
EndProject
Project("{FAE04EC0-301F-11D3-BF4B-00C04F79EFBC}") = "A1", "A1\A1.csproj", "{A72E30E1-952C-4E89-B81C-BB2875D51400}"
EndProject
Project("{FAE04EC0-301F-11D3-BF4B-00C04F79EFBC}") = "A1.Tests", "A1.Tests\A1.Tests.csproj", "{175A0E57-E495-492D-BBBA-5739A59CDAE6}"
EndProject
Global
	GlobalSection(SolutionConfigurationPlatforms) = preSolution
		Debug|Any CPU = Debug|Any CPU
		Debug|x64 = Debug|x64
		Debug|x86 = Debug|x86
		Release|Any CPU = Release|Any CPU
		Release|x64 = Release|x64
		Release|x86 = Release|x86
	EndGlobalSection
	GlobalSection(SolutionProperties) = preSolution
		HideSolutionNode = FALSE
	EndGlobalSection
	GlobalSection(ProjectConfigurationPlatforms) = postSolution
		{3345062F-D29C-4335-81BA-7A3DAB492B38}.Debug|Any CPU.ActiveCfg = Debug|Any CPU
		{3345062F-D29C-4335-81BA-7A3DAB492B38}.Debug|Any CPU.Build.0 = Debug|Any CPU
		{3345062F-D29C-4335-81BA-7A3DAB492B38}.Debug|x64.ActiveCfg = Debug|Any CPU
		{3345062F-D29C-4335-81BA-7A3DAB492B38}.Debug|x64.Build.0 = Debug|Any CPU
		{3345062F-D29C-4335-81BA-7A3DAB492B38}.Debug|x86.ActiveCfg = Debug|Any CPU
		{3345062F-D29C-4335-81BA-7A3DAB492B38}.Debug|x86.Build.0 = Debug|Any CPU
		{3345062F-D29C-4335-81BA-7A3DAB492B38}.Release|Any CPU.ActiveCfg = Release|Any CPU
		{3345062F-D29C-4335-81BA-7A3DAB492B38}.Release|Any CPU.Build.0 = Release|Any CPU
		{3345062F-D29C-4335-81BA-7A3DAB492B38}.Release|x64.ActiveCfg = Release|Any CPU
		{3345062F-D29C-4335-81BA-7A3DAB492B38}.Release|x64.Build.0 = Release|Any CPU
		{3345062F-D29C-4335-81BA-7A3DAB492B38}.Release|x86.ActiveCfg = Release|Any CPU
		{3345062F-D29C-4335-81BA-7A3DAB492B38}.Release|x86.Build.0 = Release|Any CPU
		{A72E30E1-952C-4E89-B81C-BB2875D51400}.Debug|Any CPU.ActiveCfg = Debug|Any CPU
		{A72E30E1-952C-4E89-B81C-BB2875D51400}.Debug|Any CPU.Build.0 = Debug|Any CPU
		{A72E30E1-952C-4E89-B81C-BB2875D51400}.Debug|x64.ActiveCfg = Debug|Any CPU
		{A72E30E1-952C-4E89-B81C-BB2875D51400}.Debug|x64.Build.0 = Debug|Any CPU
		{A72E30E1-952C-4E89-B81C-BB2875D51400}.Debug|x86.ActiveCfg = Debug|Any CPU
		{A72E30E1-952C-4E89-B81C-BB2875D51400}.Debug|x86.Build.0 = Debug|Any CPU
		{A72E30E1-952C-4E89-B81C-BB2875D51400}.Release|Any CPU.ActiveCfg = Release|Any CPU
		{A72E30E1-952C-4E89-B81C-BB2875D51400}.Release|Any CPU.Build.0 = Release|Any CPU
		{A72E30E1-952C-4E89-B81C-BB2875D51400}.Release|x64.ActiveCfg = Release|Any CPU
		{A72E30E1-952C-4E89-B81C-BB2875D51400}.Release|x64.Build.0 = Release|Any CPU
		{A72E30E1-952C-4E89-B81C-BB2875D51400}.Release|x86.ActiveCfg = Release|Any CPU
		{A72E30E1-952C-4E89-B81C-BB2875D51400}.Release|x86.Build.0 = Release|Any CPU
		{175A0E57-E495-492D-BBBA-5739A59CDAE6}.Debug|Any CPU.ActiveCfg = Debug|Any CPU
		{175A0E57-E495-492D-BBBA-5739A59CDAE6}.Debug|Any CPU.Build.0 = Debug|Any CPU
		{175A0E57-E495-492D-BBBA-5739A59CDAE6}.Debug|x64.ActiveCfg = Debug|Any CPU
		{175A0E57-E495-492D-BBBA-5739A59CDAE6}.Debug|x64.Build.0 = Debug|Any CPU
		{175A0E57-E495-492D-BBBA-5739A59CDAE6}.Debug|x86.ActiveCfg = Debug|Any CPU
		{175A0E57-E495-492D-BBBA-5739A59CDAE6}.Debug|x86.Build.0 = Debug|Any CPU
		{175A0E57-E495-492D-BBBA-5739A59CDAE6}.Release|Any CPU.ActiveCfg = Release|Any CPU
		{175A0E57-E495-492D-BBBA-5739A59CDAE6}.Release|Any CPU.Build.0 = Release|Any CPU
		{175A0E57-E495-492D-BBBA-5739A59CDAE6}.Release|x64.ActiveCfg = Release|Any CPU
		{175A0E57-E495-492D-BBBA-5739A59CDAE6}.Release|x64.Build.0 = Release|Any CPU
		{175A0E57-E495-492D-BBBA-5739A59CDAE6}.Release|x86.ActiveCfg = Release|Any CPU
		{175A0E57-E495-492D-BBBA-5739A59CDAE6}.Release|x86.Build.0 = Release|Any CPU
	EndGlobalSection
EndGlobal
