
Microsoft Visual Studio Solution File, Format Version 12.00
# Visual Studio 15
VisualStudioVersion = 15.0.26124.0
MinimumVisualStudioVersion = 15.0.26124.0
Project("{FAE04EC0-301F-11D3-BF4B-00C04F79EFBC}") = "TestCommon", "..\TestCommon\TestCommon.csproj", "{FB58EC55-39B9-4D47-9A1F-9DE1DC0783B1}"
EndProject
Project("{FAE04EC0-301F-11D3-BF4B-00C04F79EFBC}") = "A7", "A7\A7.csproj", "{8E6C1C80-A1B0-45C2-BCA8-41CA16FD995B}"
EndProject
Project("{FAE04EC0-301F-11D3-BF4B-00C04F79EFBC}") = "A7.Tests", "A7.Tests\A7.Tests.csproj", "{7FD98D2A-56D9-4F9A-9567-40E0A0ECF87D}"
EndProject
Global
	GlobalSection(SolutionConfigurationPlatforms) = preSolution
		Debug|Any CPU = Debug|Any CPU
		Debug|x64 = Debug|x64
		Debug|x86 = Debug|x86
		Release|Any CPU = Release|Any CPU
		Release|x64 = Release|x64
		Release|x86 = Release|x86
	EndGlobalSection
	GlobalSection(SolutionProperties) = preSolution
		HideSolutionNode = FALSE
	EndGlobalSection
	GlobalSection(ProjectConfigurationPlatforms) = postSolution
		{FB58EC55-39B9-4D47-9A1F-9DE1DC0783B1}.Debug|Any CPU.ActiveCfg = Debug|Any CPU
		{FB58EC55-39B9-4D47-9A1F-9DE1DC0783B1}.Debug|Any CPU.Build.0 = Debug|Any CPU
		{FB58EC55-39B9-4D47-9A1F-9DE1DC0783B1}.Debug|x64.ActiveCfg = Debug|Any CPU
		{FB58EC55-39B9-4D47-9A1F-9DE1DC0783B1}.Debug|x64.Build.0 = Debug|Any CPU
		{FB58EC55-39B9-4D47-9A1F-9DE1DC0783B1}.Debug|x86.ActiveCfg = Debug|Any CPU
		{FB58EC55-39B9-4D47-9A1F-9DE1DC0783B1}.Debug|x86.Build.0 = Debug|Any CPU
		{FB58EC55-39B9-4D47-9A1F-9DE1DC0783B1}.Release|Any CPU.ActiveCfg = Release|Any CPU
		{FB58EC55-39B9-4D47-9A1F-9DE1DC0783B1}.Release|Any CPU.Build.0 = Release|Any CPU
		{FB58EC55-39B9-4D47-9A1F-9DE1DC0783B1}.Release|x64.ActiveCfg = Release|Any CPU
		{FB58EC55-39B9-4D47-9A1F-9DE1DC0783B1}.Release|x64.Build.0 = Release|Any CPU
		{FB58EC55-39B9-4D47-9A1F-9DE1DC0783B1}.Release|x86.ActiveCfg = Release|Any CPU
		{FB58EC55-39B9-4D47-9A1F-9DE1DC0783B1}.Release|x86.Build.0 = Release|Any CPU
		{8E6C1C80-A1B0-45C2-BCA8-41CA16FD995B}.Debug|Any CPU.ActiveCfg = Debug|Any CPU
		{8E6C1C80-A1B0-45C2-BCA8-41CA16FD995B}.Debug|Any CPU.Build.0 = Debug|Any CPU
		{8E6C1C80-A1B0-45C2-BCA8-41CA16FD995B}.Debug|x64.ActiveCfg = Debug|Any CPU
		{8E6C1C80-A1B0-45C2-BCA8-41CA16FD995B}.Debug|x64.Build.0 = Debug|Any CPU
		{8E6C1C80-A1B0-45C2-BCA8-41CA16FD995B}.Debug|x86.ActiveCfg = Debug|Any CPU
		{8E6C1C80-A1B0-45C2-BCA8-41CA16FD995B}.Debug|x86.Build.0 = Debug|Any CPU
		{8E6C1C80-A1B0-45C2-BCA8-41CA16FD995B}.Release|Any CPU.ActiveCfg = Release|Any CPU
		{8E6C1C80-A1B0-45C2-BCA8-41CA16FD995B}.Release|Any CPU.Build.0 = Release|Any CPU
		{8E6C1C80-A1B0-45C2-BCA8-41CA16FD995B}.Release|x64.ActiveCfg = Release|Any CPU
		{8E6C1C80-A1B0-45C2-BCA8-41CA16FD995B}.Release|x64.Build.0 = Release|Any CPU
		{8E6C1C80-A1B0-45C2-BCA8-41CA16FD995B}.Release|x86.ActiveCfg = Release|Any CPU
		{8E6C1C80-A1B0-45C2-BCA8-41CA16FD995B}.Release|x86.Build.0 = Release|Any CPU
		{7FD98D2A-56D9-4F9A-9567-40E0A0ECF87D}.Debug|Any CPU.ActiveCfg = Debug|Any CPU
		{7FD98D2A-56D9-4F9A-9567-40E0A0ECF87D}.Debug|Any CPU.Build.0 = Debug|Any CPU
		{7FD98D2A-56D9-4F9A-9567-40E0A0ECF87D}.Debug|x64.ActiveCfg = Debug|Any CPU
		{7FD98D2A-56D9-4F9A-9567-40E0A0ECF87D}.Debug|x64.Build.0 = Debug|Any CPU
		{7FD98D2A-56D9-4F9A-9567-40E0A0ECF87D}.Debug|x86.ActiveCfg = Debug|Any CPU
		{7FD98D2A-56D9-4F9A-9567-40E0A0ECF87D}.Debug|x86.Build.0 = Debug|Any CPU
		{7FD98D2A-56D9-4F9A-9567-40E0A0ECF87D}.Release|Any CPU.ActiveCfg = Release|Any CPU
		{7FD98D2A-56D9-4F9A-9567-40E0A0ECF87D}.Release|Any CPU.Build.0 = Release|Any CPU
		{7FD98D2A-56D9-4F9A-9567-40E0A0ECF87D}.Release|x64.ActiveCfg = Release|Any CPU
		{7FD98D2A-56D9-4F9A-9567-40E0A0ECF87D}.Release|x64.Build.0 = Release|Any CPU
		{7FD98D2A-56D9-4F9A-9567-40E0A0ECF87D}.Release|x86.ActiveCfg = Release|Any CPU
		{7FD98D2A-56D9-4F9A-9567-40E0A0ECF87D}.Release|x86.Build.0 = Release|Any CPU
	EndGlobalSection
EndGlobal
